
Microsoft Visual Studio Solution File, Format Version 12.00
# Visual Studio Version 17
VisualStudioVersion = 17.4.33110.190
MinimumVisualStudioVersion = 10.0.40219.1
Project("{9A19103F-16F7-4668-BE54-9A1E7A4F7556}") = "HouseRentingSystem", "HouseRentingSystem\HouseRentingSystem.csproj", "{CD3C9D9F-9E12-4F4D-B686-C8DFD99069F0}"
EndProject
Project("{FAE04EC0-301F-11D3-BF4B-00C04F79EFBC}") = "HouseRentingSystem.Core", "HouseRentingSystem.Core\HouseRentingSystem.Core.csproj", "{4648E415-BCD0-4A9B-BE43-8E6DE9EB9838}"
EndProject
Project("{FAE04EC0-301F-11D3-BF4B-00C04F79EFBC}") = "HouseRentingSystem.Infrastructure", "HouseRentingSystem.Infrastructure\HouseRentingSystem.Infrastructure.csproj", "{8599F4EA-38A3-4086-B0DE-E78BC58BF406}"
EndProject
Global
	GlobalSection(SolutionConfigurationPlatforms) = preSolution
		Debug|Any CPU = Debug|Any CPU
		Release|Any CPU = Release|Any CPU
	EndGlobalSection
	GlobalSection(ProjectConfigurationPlatforms) = postSolution
		{CD3C9D9F-9E12-4F4D-B686-C8DFD99069F0}.Debug|Any CPU.ActiveCfg = Debug|Any CPU
		{CD3C9D9F-9E12-4F4D-B686-C8DFD99069F0}.Debug|Any CPU.Build.0 = Debug|Any CPU
		{CD3C9D9F-9E12-4F4D-B686-C8DFD99069F0}.Release|Any CPU.ActiveCfg = Release|Any CPU
		{CD3C9D9F-9E12-4F4D-B686-C8DFD99069F0}.Release|Any CPU.Build.0 = Release|Any CPU
		{4648E415-BCD0-4A9B-BE43-8E6DE9EB9838}.Debug|Any CPU.ActiveCfg = Debug|Any CPU
		{4648E415-BCD0-4A9B-BE43-8E6DE9EB9838}.Debug|Any CPU.Build.0 = Debug|Any CPU
		{4648E415-BCD0-4A9B-BE43-8E6DE9EB9838}.Release|Any CPU.ActiveCfg = Release|Any CPU
		{4648E415-BCD0-4A9B-BE43-8E6DE9EB9838}.Release|Any CPU.Build.0 = Release|Any CPU
		{8599F4EA-38A3-4086-B0DE-E78BC58BF406}.Debug|Any CPU.ActiveCfg = Debug|Any CPU
		{8599F4EA-38A3-4086-B0DE-E78BC58BF406}.Debug|Any CPU.Build.0 = Debug|Any CPU
		{8599F4EA-38A3-4086-B0DE-E78BC58BF406}.Release|Any CPU.ActiveCfg = Release|Any CPU
		{8599F4EA-38A3-4086-B0DE-E78BC58BF406}.Release|Any CPU.Build.0 = Release|Any CPU
	EndGlobalSection
	GlobalSection(SolutionProperties) = preSolution
		HideSolutionNode = FALSE
	EndGlobalSection
	GlobalSection(ExtensibilityGlobals) = postSolution
		SolutionGuid = {5598F730-8AD2-4B0C-8332-470E1AFB6F9A}
	EndGlobalSection
EndGlobal
