
Microsoft Visual Studio Solution File, Format Version 12.00
# Visual Studio Version 17
VisualStudioVersion = 17.4.33110.190
MinimumVisualStudioVersion = 10.0.40219.1
Project("{FAE04EC0-301F-11D3-BF4B-00C04F79EFBC}") = "MVCIntroDemo", "MVCIntroDemo\MVCIntroDemo.csproj", "{98509B72-C180-4C3F-9E4B-1A7EF6461F31}"
EndProject
Global
	GlobalSection(SolutionConfigurationPlatforms) = preSolution
		Debug|Any CPU = Debug|Any CPU
		Release|Any CPU = Release|Any CPU
	EndGlobalSection
	GlobalSection(ProjectConfigurationPlatforms) = postSolution
		{98509B72-C180-4C3F-9E4B-1A7EF6461F31}.Debug|Any CPU.ActiveCfg = Debug|Any CPU
		{98509B72-C180-4C3F-9E4B-1A7EF6461F31}.Debug|Any CPU.Build.0 = Debug|Any CPU
		{98509B72-C180-4C3F-9E4B-1A7EF6461F31}.Release|Any CPU.ActiveCfg = Release|Any CPU
		{98509B72-C180-4C3F-9E4B-1A7EF6461F31}.Release|Any CPU.Build.0 = Release|Any CPU
	EndGlobalSection
	GlobalSection(SolutionProperties) = preSolution
		HideSolutionNode = FALSE
	EndGlobalSection
	GlobalSection(ExtensibilityGlobals) = postSolution
		SolutionGuid = {1ED7DA7A-AAD4-4B76-A2AE-54DE138E18E1}
	EndGlobalSection
EndGlobal
