
Microsoft Visual Studio Solution File, Format Version 12.00
# Visual Studio Version 17
VisualStudioVersion = 17.4.33110.190
MinimumVisualStudioVersion = 10.0.40219.1
Project("{FAE04EC0-301F-11D3-BF4B-00C04F79EFBC}") = "SimpleChatASP.NET", "SimpleChatASP.NET\SimpleChatASP.NET.csproj", "{EB5121A4-053D-4560-AAAB-D31DDE7DA0FF}"
EndProject
Global
	GlobalSection(SolutionConfigurationPlatforms) = preSolution
		Debug|Any CPU = Debug|Any CPU
		Release|Any CPU = Release|Any CPU
	EndGlobalSection
	GlobalSection(ProjectConfigurationPlatforms) = postSolution
		{EB5121A4-053D-4560-AAAB-D31DDE7DA0FF}.Debug|Any CPU.ActiveCfg = Debug|Any CPU
		{EB5121A4-053D-4560-AAAB-D31DDE7DA0FF}.Debug|Any CPU.Build.0 = Debug|Any CPU
		{EB5121A4-053D-4560-AAAB-D31DDE7DA0FF}.Release|Any CPU.ActiveCfg = Release|Any CPU
		{EB5121A4-053D-4560-AAAB-D31DDE7DA0FF}.Release|Any CPU.Build.0 = Release|Any CPU
	EndGlobalSection
	GlobalSection(SolutionProperties) = preSolution
		HideSolutionNode = FALSE
	EndGlobalSection
	GlobalSection(ExtensibilityGlobals) = postSolution
		SolutionGuid = {D82BB8ED-581E-40A7-8753-0E3193A70C33}
	EndGlobalSection
EndGlobal
