
Microsoft Visual Studio Solution File, Format Version 12.00
# Visual Studio Version 17
VisualStudioVersion = 17.4.33110.190
MinimumVisualStudioVersion = 10.0.40219.1
Project("{FAE04EC0-301F-11D3-BF4B-00C04F79EFBC}") = "ProductShop", "ProductShop\ProductShop.csproj", "{2C8688F4-AAF3-451F-BEC0-35CF2A9CC94F}"
EndProject
Global
	GlobalSection(SolutionConfigurationPlatforms) = preSolution
		Debug|Any CPU = Debug|Any CPU
		Release|Any CPU = Release|Any CPU
	EndGlobalSection
	GlobalSection(ProjectConfigurationPlatforms) = postSolution
		{2C8688F4-AAF3-451F-BEC0-35CF2A9CC94F}.Debug|Any CPU.ActiveCfg = Debug|Any CPU
		{2C8688F4-AAF3-451F-BEC0-35CF2A9CC94F}.Debug|Any CPU.Build.0 = Debug|Any CPU
		{2C8688F4-AAF3-451F-BEC0-35CF2A9CC94F}.Release|Any CPU.ActiveCfg = Release|Any CPU
		{2C8688F4-AAF3-451F-BEC0-35CF2A9CC94F}.Release|Any CPU.Build.0 = Release|Any CPU
	EndGlobalSection
	GlobalSection(SolutionProperties) = preSolution
		HideSolutionNode = FALSE
	EndGlobalSection
	GlobalSection(ExtensibilityGlobals) = postSolution
		SolutionGuid = {5026B0C0-C460-4239-88BC-CE3D63EA9D41}
	EndGlobalSection
EndGlobal
