
Microsoft Visual Studio Solution File, Format Version 12.00
# Visual Studio Version 17
VisualStudioVersion = 17.4.33110.190
MinimumVisualStudioVersion = 10.0.40219.1
Project("{FAE04EC0-301F-11D3-BF4B-00C04F79EFBC}") = "TextSplitterApp", "TextSplitterApp\TextSplitterApp.csproj", "{4DAE2B23-2CCE-4EFE-8245-FBE3D23B2AF2}"
EndProject
Global
	GlobalSection(SolutionConfigurationPlatforms) = preSolution
		Debug|Any CPU = Debug|Any CPU
		Release|Any CPU = Release|Any CPU
	EndGlobalSection
	GlobalSection(ProjectConfigurationPlatforms) = postSolution
		{4DAE2B23-2CCE-4EFE-8245-FBE3D23B2AF2}.Debug|Any CPU.ActiveCfg = Debug|Any CPU
		{4DAE2B23-2CCE-4EFE-8245-FBE3D23B2AF2}.Debug|Any CPU.Build.0 = Debug|Any CPU
		{4DAE2B23-2CCE-4EFE-8245-FBE3D23B2AF2}.Release|Any CPU.ActiveCfg = Release|Any CPU
		{4DAE2B23-2CCE-4EFE-8245-FBE3D23B2AF2}.Release|Any CPU.Build.0 = Release|Any CPU
	EndGlobalSection
	GlobalSection(SolutionProperties) = preSolution
		HideSolutionNode = FALSE
	EndGlobalSection
	GlobalSection(ExtensibilityGlobals) = postSolution
		SolutionGuid = {D8935C67-FD38-4E90-AC05-029CFAA2C738}
	EndGlobalSection
EndGlobal
